// !$*UTF8*$!
{
	archiveVersion = 1;
	classes = {
	};
	objectVersion = 46;
	objects = {

/* Begin PBXBuildFile section */
		1804FE781F7924F200DFD8ED /* PhotosTableViewController.m in Sources */ = {isa = PBXBuildFile; fileRef = 1804FE771F7924F200DFD8ED /* PhotosTableViewController.m */; };
		1804FE7B1F797A2400DFD8ED /* PhotoViewController.m in Sources */ = {isa = PBXBuildFile; fileRef = 1804FE7A1F797A2400DFD8ED /* PhotoViewController.m */; };
		1853A5341F54B984008D5ADE /* FlickrFetcherModification.m in Sources */ = {isa = PBXBuildFile; fileRef = 1853A5331F54B984008D5ADE /* FlickrFetcherModification.m */; };
		189D9BA71F438C1F00C22798 /* main.m in Sources */ = {isa = PBXBuildFile; fileRef = 189D9BA61F438C1F00C22798 /* main.m */; };
		189D9BAA1F438C1F00C22798 /* AppDelegate.m in Sources */ = {isa = PBXBuildFile; fileRef = 189D9BA91F438C1F00C22798 /* AppDelegate.m */; };
		189D9BB21F438C1F00C22798 /* Assets.xcassets in Resources */ = {isa = PBXBuildFile; fileRef = 189D9BB11F438C1F00C22798 /* Assets.xcassets */; };
		189D9BB51F438C1F00C22798 /* LaunchScreen.storyboard in Resources */ = {isa = PBXBuildFile; fileRef = 189D9BB31F438C1F00C22798 /* LaunchScreen.storyboard */; };
		189D9BBF1F438C6000C22798 /* FlickrFetcher.m in Sources */ = {isa = PBXBuildFile; fileRef = 189D9BBD1F438C6000C22798 /* FlickrFetcher.m */; };
		18F0785E1F5000CD006C55C4 /* TopTableViewController.m in Sources */ = {isa = PBXBuildFile; fileRef = 18F0785D1F5000CD006C55C4 /* TopTableViewController.m */; };
		18F078611F500102006C55C4 /* RecentsTableViewController.m in Sources */ = {isa = PBXBuildFile; fileRef = 18F078601F500102006C55C4 /* RecentsTableViewController.m */; };
		18F078641F50031C006C55C4 /* Main.storyboard in Resources */ = {isa = PBXBuildFile; fileRef = 18F078621F50031C006C55C4 /* Main.storyboard */; };
/* End PBXBuildFile section */

/* Begin PBXFileReference section */
		1804FE761F7924F200DFD8ED /* PhotosTableViewController.h */ = {isa = PBXFileReference; lastKnownFileType = sourcecode.c.h; path = PhotosTableViewController.h; sourceTree = "<group>"; };
		1804FE771F7924F200DFD8ED /* PhotosTableViewController.m */ = {isa = PBXFileReference; lastKnownFileType = sourcecode.c.objc; path = PhotosTableViewController.m; sourceTree = "<group>"; };
		1804FE791F797A2400DFD8ED /* PhotoViewController.h */ = {isa = PBXFileReference; lastKnownFileType = sourcecode.c.h; path = PhotoViewController.h; sourceTree = "<group>"; };
		1804FE7A1F797A2400DFD8ED /* PhotoViewController.m */ = {isa = PBXFileReference; lastKnownFileType = sourcecode.c.objc; path = PhotoViewController.m; sourceTree = "<group>"; };
		1853A5321F54B984008D5ADE /* FlickrFetcherModification.h */ = {isa = PBXFileReference; fileEncoding = 4; lastKnownFileType = sourcecode.c.h; path = FlickrFetcherModification.h; sourceTree = "<group>"; };
		1853A5331F54B984008D5ADE /* FlickrFetcherModification.m */ = {isa = PBXFileReference; fileEncoding = 4; lastKnownFileType = sourcecode.c.objc; path = FlickrFetcherModification.m; sourceTree = "<group>"; };
		189D9BA21F438C1F00C22798 /* Top Places.app */ = {isa = PBXFileReference; explicitFileType = wrapper.application; includeInIndex = 0; path = "Top Places.app"; sourceTree = BUILT_PRODUCTS_DIR; };
		189D9BA61F438C1F00C22798 /* main.m */ = {isa = PBXFileReference; lastKnownFileType = sourcecode.c.objc; path = main.m; sourceTree = "<group>"; };
		189D9BA81F438C1F00C22798 /* AppDelegate.h */ = {isa = PBXFileReference; lastKnownFileType = sourcecode.c.h; path = AppDelegate.h; sourceTree = "<group>"; };
		189D9BA91F438C1F00C22798 /* AppDelegate.m */ = {isa = PBXFileReference; lastKnownFileType = sourcecode.c.objc; path = AppDelegate.m; sourceTree = "<group>"; };
		189D9BB11F438C1F00C22798 /* Assets.xcassets */ = {isa = PBXFileReference; lastKnownFileType = folder.assetcatalog; path = Assets.xcassets; sourceTree = "<group>"; };
		189D9BB41F438C1F00C22798 /* Base */ = {isa = PBXFileReference; lastKnownFileType = file.storyboard; name = Base; path = Base.lproj/LaunchScreen.storyboard; sourceTree = "<group>"; };
		189D9BB61F438C1F00C22798 /* Info.plist */ = {isa = PBXFileReference; lastKnownFileType = text.plist.xml; path = Info.plist; sourceTree = "<group>"; };
		189D9BBC1F438C6000C22798 /* FlickrAPIKey.h */ = {isa = PBXFileReference; fileEncoding = 4; lastKnownFileType = sourcecode.c.h; path = FlickrAPIKey.h; sourceTree = "<group>"; };
		189D9BBD1F438C6000C22798 /* FlickrFetcher.m */ = {isa = PBXFileReference; fileEncoding = 4; lastKnownFileType = sourcecode.c.objc; path = FlickrFetcher.m; sourceTree = "<group>"; };
		189D9BBE1F438C6000C22798 /* FlickrFetcher.h */ = {isa = PBXFileReference; fileEncoding = 4; lastKnownFileType = sourcecode.c.h; path = FlickrFetcher.h; sourceTree = "<group>"; };
		18F0785C1F5000CD006C55C4 /* TopTableViewController.h */ = {isa = PBXFileReference; fileEncoding = 4; lastKnownFileType = sourcecode.c.h; path = TopTableViewController.h; sourceTree = "<group>"; };
		18F0785D1F5000CD006C55C4 /* TopTableViewController.m */ = {isa = PBXFileReference; fileEncoding = 4; lastKnownFileType = sourcecode.c.objc; path = TopTableViewController.m; sourceTree = "<group>"; };
		18F0785F1F500102006C55C4 /* RecentsTableViewController.h */ = {isa = PBXFileReference; fileEncoding = 4; lastKnownFileType = sourcecode.c.h; path = RecentsTableViewController.h; sourceTree = "<group>"; };
		18F078601F500102006C55C4 /* RecentsTableViewController.m */ = {isa = PBXFileReference; fileEncoding = 4; lastKnownFileType = sourcecode.c.objc; path = RecentsTableViewController.m; sourceTree = "<group>"; };
		18F078631F50031C006C55C4 /* Base */ = {isa = PBXFileReference; lastKnownFileType = file.storyboard; name = Base; path = Base.lproj/Main.storyboard; sourceTree = "<group>"; };
/* End PBXFileReference section */

/* Begin PBXFrameworksBuildPhase section */
		189D9B9F1F438C1F00C22798 /* Frameworks */ = {
			isa = PBXFrameworksBuildPhase;
			buildActionMask = 2147483647;
			files = (
			);
			runOnlyForDeploymentPostprocessing = 0;
		};
/* End PBXFrameworksBuildPhase section */

/* Begin PBXGroup section */
		189D9B991F438C1F00C22798 = {
			isa = PBXGroup;
			children = (
				189D9BA41F438C1F00C22798 /* Top Places */,
				189D9BA31F438C1F00C22798 /* Products */,
			);
			sourceTree = "<group>";
		};
		189D9BA31F438C1F00C22798 /* Products */ = {
			isa = PBXGroup;
			children = (
				189D9BA21F438C1F00C22798 /* Top Places.app */,
			);
			name = Products;
			sourceTree = "<group>";
		};
		189D9BA41F438C1F00C22798 /* Top Places */ = {
			isa = PBXGroup;
			children = (
				189D9BBC1F438C6000C22798 /* FlickrAPIKey.h */,
				189D9BBE1F438C6000C22798 /* FlickrFetcher.h */,
				189D9BBD1F438C6000C22798 /* FlickrFetcher.m */,
				1853A5321F54B984008D5ADE /* FlickrFetcherModification.h */,
				1853A5331F54B984008D5ADE /* FlickrFetcherModification.m */,
				18F0785C1F5000CD006C55C4 /* TopTableViewController.h */,
				18F0785D1F5000CD006C55C4 /* TopTableViewController.m */,
				1804FE761F7924F200DFD8ED /* PhotosTableViewController.h */,
				1804FE771F7924F200DFD8ED /* PhotosTableViewController.m */,
				18F0785F1F500102006C55C4 /* RecentsTableViewController.h */,
				18F078601F500102006C55C4 /* RecentsTableViewController.m */,
				18F078621F50031C006C55C4 /* Main.storyboard */,
				1804FE791F797A2400DFD8ED /* PhotoViewController.h */,
				1804FE7A1F797A2400DFD8ED /* PhotoViewController.m */,
				189D9BB11F438C1F00C22798 /* Assets.xcassets */,
				189D9BB31F438C1F00C22798 /* LaunchScreen.storyboard */,
				189D9BB61F438C1F00C22798 /* Info.plist */,
				189D9BA81F438C1F00C22798 /* AppDelegate.h */,
				189D9BA91F438C1F00C22798 /* AppDelegate.m */,
				189D9BA51F438C1F00C22798 /* Supporting Files */,
			);
			path = "Top Places";
			sourceTree = "<group>";
		};
		189D9BA51F438C1F00C22798 /* Supporting Files */ = {
			isa = PBXGroup;
			children = (
				189D9BA61F438C1F00C22798 /* main.m */,
			);
			name = "Supporting Files";
			sourceTree = "<group>";
		};
/* End PBXGroup section */

/* Begin PBXNativeTarget section */
		189D9BA11F438C1F00C22798 /* Top Places */ = {
			isa = PBXNativeTarget;
			buildConfigurationList = 189D9BB91F438C1F00C22798 /* Build configuration list for PBXNativeTarget "Top Places" */;
			buildPhases = (
				189D9B9E1F438C1F00C22798 /* Sources */,
				189D9B9F1F438C1F00C22798 /* Frameworks */,
				189D9BA01F438C1F00C22798 /* Resources */,
			);
			buildRules = (
			);
			dependencies = (
			);
			name = "Top Places";
			productName = "Top Places";
			productReference = 189D9BA21F438C1F00C22798 /* Top Places.app */;
			productType = "com.apple.product-type.application";
		};
/* End PBXNativeTarget section */

/* Begin PBXProject section */
		189D9B9A1F438C1F00C22798 /* Project object */ = {
			isa = PBXProject;
			attributes = {
				LastUpgradeCheck = 0900;
				ORGANIZATIONNAME = Mari;
				TargetAttributes = {
					189D9BA11F438C1F00C22798 = {
						CreatedOnToolsVersion = 8.3.3;
						DevelopmentTeam = 5R44JKFPWH;
						ProvisioningStyle = Automatic;
					};
				};
			};
			buildConfigurationList = 189D9B9D1F438C1F00C22798 /* Build configuration list for PBXProject "Top Places" */;
			compatibilityVersion = "Xcode 3.2";
			developmentRegion = English;
			hasScannedForEncodings = 0;
			knownRegions = (
				en,
				Base,
			);
			mainGroup = 189D9B991F438C1F00C22798;
			productRefGroup = 189D9BA31F438C1F00C22798 /* Products */;
			projectDirPath = "";
			projectRoot = "";
			targets = (
				189D9BA11F438C1F00C22798 /* Top Places */,
			);
		};
/* End PBXProject section */

/* Begin PBXResourcesBuildPhase section */
		189D9BA01F438C1F00C22798 /* Resources */ = {
			isa = PBXResourcesBuildPhase;
			buildActionMask = 2147483647;
			files = (
				18F078641F50031C006C55C4 /* Main.storyboard in Resources */,
				189D9BB51F438C1F00C22798 /* LaunchScreen.storyboard in Resources */,
				189D9BB21F438C1F00C22798 /* Assets.xcassets in Resources */,
			);
			runOnlyForDeploymentPostprocessing = 0;
		};
/* End PBXResourcesBuildPhase section */

/* Begin PBXSourcesBuildPhase section */
		189D9B9E1F438C1F00C22798 /* Sources */ = {
			isa = PBXSourcesBuildPhase;
			buildActionMask = 2147483647;
			files = (
				1804FE781F7924F200DFD8ED /* PhotosTableViewController.m in Sources */,
				1804FE7B1F797A2400DFD8ED /* PhotoViewController.m in Sources */,
				18F0785E1F5000CD006C55C4 /* TopTableViewController.m in Sources */,
				18F078611F500102006C55C4 /* RecentsTableViewController.m in Sources */,
				1853A5341F54B984008D5ADE /* FlickrFetcherModification.m in Sources */,
				189D9BAA1F438C1F00C22798 /* AppDelegate.m in Sources */,
				189D9BBF1F438C6000C22798 /* FlickrFetcher.m in Sources */,
				189D9BA71F438C1F00C22798 /* main.m in Sources */,
			);
			runOnlyForDeploymentPostprocessing = 0;
		};
/* End PBXSourcesBuildPhase section */

/* Begin PBXVariantGroup section */
		189D9BB31F438C1F00C22798 /* LaunchScreen.storyboard */ = {
			isa = PBXVariantGroup;
			children = (
				189D9BB41F438C1F00C22798 /* Base */,
			);
			name = LaunchScreen.storyboard;
			sourceTree = "<group>";
		};
		18F078621F50031C006C55C4 /* Main.storyboard */ = {
			isa = PBXVariantGroup;
			children = (
				18F078631F50031C006C55C4 /* Base */,
			);
			name = Main.storyboard;
			sourceTree = "<group>";
		};
/* End PBXVariantGroup section */

/* Begin XCBuildConfiguration section */
		189D9BB71F438C1F00C22798 /* Debug */ = {
			isa = XCBuildConfiguration;
			buildSettings = {
				ALWAYS_SEARCH_USER_PATHS = NO;
				CLANG_ANALYZER_NONNULL = YES;
				CLANG_ANALYZER_NUMBER_OBJECT_CONVERSION = YES_AGGRESSIVE;
				CLANG_CXX_LANGUAGE_STANDARD = "gnu++0x";
				CLANG_CXX_LIBRARY = "libc++";
				CLANG_ENABLE_MODULES = YES;
				CLANG_ENABLE_OBJC_ARC = YES;
				CLANG_WARN_BLOCK_CAPTURE_AUTORELEASING = YES;
				CLANG_WARN_BOOL_CONVERSION = YES;
				CLANG_WARN_COMMA = YES;
				CLANG_WARN_CONSTANT_CONVERSION = YES;
				CLANG_WARN_DIRECT_OBJC_ISA_USAGE = YES_ERROR;
				CLANG_WARN_DOCUMENTATION_COMMENTS = YES;
				CLANG_WARN_EMPTY_BODY = YES;
				CLANG_WARN_ENUM_CONVERSION = YES;
				CLANG_WARN_INFINITE_RECURSION = YES;
				CLANG_WARN_INT_CONVERSION = YES;
				CLANG_WARN_NON_LITERAL_NULL_CONVERSION = YES;
				CLANG_WARN_OBJC_LITERAL_CONVERSION = YES;
				CLANG_WARN_OBJC_ROOT_CLASS = YES_ERROR;
				CLANG_WARN_RANGE_LOOP_ANALYSIS = YES;
				CLANG_WARN_STRICT_PROTOTYPES = YES;
				CLANG_WARN_SUSPICIOUS_MOVE = YES;
				CLANG_WARN_UNREACHABLE_CODE = YES;
				CLANG_WARN__DUPLICATE_METHOD_MATCH = YES;
				"CODE_SIGN_IDENTITY[sdk=iphoneos*]" = "iPhone Developer";
				COPY_PHASE_STRIP = NO;
				DEBUG_INFORMATION_FORMAT = dwarf;
				ENABLE_STRICT_OBJC_MSGSEND = YES;
				ENABLE_TESTABILITY = YES;
				GCC_C_LANGUAGE_STANDARD = gnu99;
				GCC_DYNAMIC_NO_PIC = NO;
				GCC_NO_COMMON_BLOCKS = YES;
				GCC_OPTIMIZATION_LEVEL = 0;
				GCC_PREPROCESSOR_DEFINITIONS = (
					"DEBUG=1",
					"$(inherited)",
				);
				GCC_WARN_64_TO_32_BIT_CONVERSION = YES;
				GCC_WARN_ABOUT_RETURN_TYPE = YES_ERROR;
				GCC_WARN_UNDECLARED_SELECTOR = YES;
				GCC_WARN_UNINITIALIZED_AUTOS = YES_AGGRESSIVE;
				GCC_WARN_UNUSED_FUNCTION = YES;
				GCC_WARN_UNUSED_VARIABLE = YES;
				IPHONEOS_DEPLOYMENT_TARGET = 10.3;
				MTL_ENABLE_DEBUG_INFO = YES;
				ONLY_ACTIVE_ARCH = YES;
				SDKROOT = iphoneos;
			};
			name = Debug;
		};
		189D9BB81F438C1F00C22798 /* Release */ = {
			isa = XCBuildConfiguration;
			buildSettings = {
				ALWAYS_SEARCH_USER_PATHS = NO;
				CLANG_ANALYZER_NONNULL = YES;
				CLANG_ANALYZER_NUMBER_OBJECT_CONVERSION = YES_AGGRESSIVE;
				CLANG_CXX_LANGUAGE_STANDARD = "gnu++0x";
				CLANG_CXX_LIBRARY = "libc++";
				CLANG_ENABLE_MODULES = YES;
				CLANG_ENABLE_OBJC_ARC = YES;
				CLANG_WARN_BLOCK_CAPTURE_AUTORELEASING = YES;
				CLANG_WARN_BOOL_CONVERSION = YES;
				CLANG_WARN_COMMA = YES;
				CLANG_WARN_CONSTANT_CONVERSION = YES;
				CLANG_WARN_DIRECT_OBJC_ISA_USAGE = YES_ERROR;
				CLANG_WARN_DOCUMENTATION_COMMENTS = YES;
				CLANG_WARN_EMPTY_BODY = YES;
				CLANG_WARN_ENUM_CONVERSION = YES;
				CLANG_WARN_INFINITE_RECURSION = YES;
				CLANG_WARN_INT_CONVERSION = YES;
				CLANG_WARN_NON_LITERAL_NULL_CONVERSION = YES;
				CLANG_WARN_OBJC_LITERAL_CONVERSION = YES;
				CLANG_WARN_OBJC_ROOT_CLASS = YES_ERROR;
				CLANG_WARN_RANGE_LOOP_ANALYSIS = YES;
				CLANG_WARN_STRICT_PROTOTYPES = YES;
				CLANG_WARN_SUSPICIOUS_MOVE = YES;
				CLANG_WARN_UNREACHABLE_CODE = YES;
				CLANG_WARN__DUPLICATE_METHOD_MATCH = YES;
				"CODE_SIGN_IDENTITY[sdk=iphoneos*]" = "iPhone Developer";
				COPY_PHASE_STRIP = NO;
				DEBUG_INFORMATION_FORMAT = "dwarf-with-dsym";
				ENABLE_NS_ASSERTIONS = NO;
				ENABLE_STRICT_OBJC_MSGSEND = YES;
				GCC_C_LANGUAGE_STANDARD = gnu99;
				GCC_NO_COMMON_BLOCKS = YES;
				GCC_WARN_64_TO_32_BIT_CONVERSION = YES;
				GCC_WARN_ABOUT_RETURN_TYPE = YES_ERROR;
				GCC_WARN_UNDECLARED_SELECTOR = YES;
				GCC_WARN_UNINITIALIZED_AUTOS = YES_AGGRESSIVE;
				GCC_WARN_UNUSED_FUNCTION = YES;
				GCC_WARN_UNUSED_VARIABLE = YES;
				IPHONEOS_DEPLOYMENT_TARGET = 10.3;
				MTL_ENABLE_DEBUG_INFO = NO;
				SDKROOT = iphoneos;
				VALIDATE_PRODUCT = YES;
			};
			name = Release;
		};
		189D9BBA1F438C1F00C22798 /* Debug */ = {
			isa = XCBuildConfiguration;
			buildSettings = {
				ASSETCATALOG_COMPILER_APPICON_NAME = AppIcon;
				DEVELOPMENT_TEAM = 5R44JKFPWH;
				INFOPLIST_FILE = "Top Places/Info.plist";
				LD_RUNPATH_SEARCH_PATHS = "$(inherited) @executable_path/Frameworks";
				PRODUCT_BUNDLE_IDENTIFIER = "Mari.Top-Places";
				PRODUCT_NAME = "$(TARGET_NAME)";
				TARGETED_DEVICE_FAMILY = "1,2";
			};
			name = Debug;
		};
		189D9BBB1F438C1F00C22798 /* Release */ = {
			isa = XCBuildConfiguration;
			buildSettings = {
				ASSETCATALOG_COMPILER_APPICON_NAME = AppIcon;
				DEVELOPMENT_TEAM = 5R44JKFPWH;
				INFOPLIST_FILE = "Top Places/Info.plist";
				LD_RUNPATH_SEARCH_PATHS = "$(inherited) @executable_path/Frameworks";
				PRODUCT_BUNDLE_IDENTIFIER = "Mari.Top-Places";
				PRODUCT_NAME = "$(TARGET_NAME)";
				TARGETED_DEVICE_FAMILY = "1,2";
			};
			name = Release;
		};
/* End XCBuildConfiguration section */

/* Begin XCConfigurationList section */
		189D9B9D1F438C1F00C22798 /* Build configuration list for PBXProject "Top Places" */ = {
			isa = XCConfigurationList;
			buildConfigurations = (
				189D9BB71F438C1F00C22798 /* Debug */,
				189D9BB81F438C1F00C22798 /* Release */,
			);
			defaultConfigurationIsVisible = 0;
			defaultConfigurationName = Release;
		};
		189D9BB91F438C1F00C22798 /* Build configuration list for PBXNativeTarget "Top Places" */ = {
			isa = XCConfigurationList;
			buildConfigurations = (
				189D9BBA1F438C1F00C22798 /* Debug */,
				189D9BBB1F438C1F00C22798 /* Release */,
			);
			defaultConfigurationIsVisible = 0;
			defaultConfigurationName = Release;
		};
/* End XCConfigurationList section */
	};
	rootObject = 189D9B9A1F438C1F00C22798 /* Project object */;
}
